
Microsoft Visual Studio Solution File, Format Version 12.00
# Visual Studio Version 17
VisualStudioVersion = 17.2.32602.215
MinimumVisualStudioVersion = 10.0.40219.1
Project("{FAE04EC0-301F-11D3-BF4B-00C04F79EFBC}") = "BepInExUnityInstaller", "BepInExUnityInstaller.csproj", "{6F69DE1A-4ECB-413E-A68C-2DE1ED0F12C8}"
EndProject
Global
	GlobalSection(SolutionConfigurationPlatforms) = preSolution
		Debug|Any CPU = Debug|Any CPU
		Release|Any CPU = Release|Any CPU
	EndGlobalSection
	GlobalSection(ProjectConfigurationPlatforms) = postSolution
		{6F69DE1A-4ECB-413E-A68C-2DE1ED0F12C8}.Debug|Any CPU.ActiveCfg = Debug|Any CPU
		{6F69DE1A-4ECB-413E-A68C-2DE1ED0F12C8}.Debug|Any CPU.Build.0 = Debug|Any CPU
		{6F69DE1A-4ECB-413E-A68C-2DE1ED0F12C8}.Release|Any CPU.ActiveCfg = Release|Any CPU
		{6F69DE1A-4ECB-413E-A68C-2DE1ED0F12C8}.Release|Any CPU.Build.0 = Release|Any CPU
	EndGlobalSection
	GlobalSection(SolutionProperties) = preSolution
		HideSolutionNode = FALSE
	EndGlobalSection
	GlobalSection(ExtensibilityGlobals) = postSolution
		SolutionGuid = {694D66C2-D6E7-47EA-8C15-EEA13F46BE6B}
	EndGlobalSection
EndGlobal
